<?xml version="1.0" encoding="utf-8"?>
<Project ToolsVersion="4.0" xmlns="http://schemas.microsoft.com/developer/msbuild/2003">
  <ItemGroup>
    <Filter Include="aSimpleEngine">
      <UniqueIdentifier>{C6525174-3213-CDAA-FB4D-162867CD1187}</UniqueIdentifier>
    </Filter>
  </ItemGroup>
  <ItemGroup>
    <ClInclude Include="src\aSimpleEngine.h" />
    <ClInclude Include="src\aSimpleEngine\Application.h">
      <Filter>aSimpleEngine</Filter>
    </ClInclude>
    <ClInclude Include="src\aSimpleEngine\Core.h">
      <Filter>aSimpleEngine</Filter>
    </ClInclude>
    <ClInclude Include="src\aSimpleEngine\EntryPoint.h">
      <Filter>aSimpleEngine</Filter>
    </ClInclude>
    <ClInclude Include="src\aSimpleEngine\Log.h">
      <Filter>aSimpleEngine</Filter>
    </ClInclude>
  </ItemGroup>
  <ItemGroup>
    <ClCompile Include="src\aSimpleEngine\Application.cpp">
      <Filter>aSimpleEngine</Filter>
    </ClCompile>
    <ClCompile Include="src\aSimpleEngine\Log.cpp">
      <Filter>aSimpleEngine</Filter>
    </ClCompile>
  </ItemGroup>
</Project>